// !$*UTF8*$!
{
	archiveVersion = 1;
	classes = {
	};
	objectVersion = 56;
	objects = {

/* Begin PBXBuildFile section */
		21099A272B79D695007FEA65 /* Chat_AppApp.swift in Sources */ = {isa = PBXBuildFile; fileRef = 21099A262B79D695007FEA65 /* Chat_AppApp.swift */; };
		21099A292B79D695007FEA65 /* ContentView.swift in Sources */ = {isa = PBXBuildFile; fileRef = 21099A282B79D695007FEA65 /* ContentView.swift */; };
		21099A2B2B79D699007FEA65 /* Assets.xcassets in Resources */ = {isa = PBXBuildFile; fileRef = 21099A2A2B79D699007FEA65 /* Assets.xcassets */; };
		21099A2E2B79D699007FEA65 /* Preview Assets.xcassets in Resources */ = {isa = PBXBuildFile; fileRef = 21099A2D2B79D699007FEA65 /* Preview Assets.xcassets */; };
		21099A362B7AFB67007FEA65 /* TitleRow.swift in Sources */ = {isa = PBXBuildFile; fileRef = 21099A352B7AFB67007FEA65 /* TitleRow.swift */; };
		21099A392B7B094D007FEA65 /* Message.swift in Sources */ = {isa = PBXBuildFile; fileRef = 21099A382B7B094D007FEA65 /* Message.swift */; };
		21099A3B2B7B09CA007FEA65 /* MessageBubble.swift in Sources */ = {isa = PBXBuildFile; fileRef = 21099A3A2B7B09CA007FEA65 /* MessageBubble.swift */; };
		21099A3D2B7B1AA0007FEA65 /* Extensions.swift in Sources */ = {isa = PBXBuildFile; fileRef = 21099A3C2B7B1AA0007FEA65 /* Extensions.swift */; };
		21099A3F2B7B20B9007FEA65 /* MessageField.swift in Sources */ = {isa = PBXBuildFile; fileRef = 21099A3E2B7B20B9007FEA65 /* MessageField.swift */; };
		21099A412B7B2CFB007FEA65 /* GoogleService-Info.plist in Resources */ = {isa = PBXBuildFile; fileRef = 21099A402B7B2CFB007FEA65 /* GoogleService-Info.plist */; };
		21099A442B7B2E61007FEA65 /* FirebaseAnalytics in Frameworks */ = {isa = PBXBuildFile; productRef = 21099A432B7B2E61007FEA65 /* FirebaseAnalytics */; };
		21099A462B7B2E61007FEA65 /* FirebaseAnalyticsOnDeviceConversion in Frameworks */ = {isa = PBXBuildFile; productRef = 21099A452B7B2E61007FEA65 /* FirebaseAnalyticsOnDeviceConversion */; };
		21099A482B7B2E61007FEA65 /* FirebaseAnalyticsSwift in Frameworks */ = {isa = PBXBuildFile; productRef = 21099A472B7B2E61007FEA65 /* FirebaseAnalyticsSwift */; };
		21099A4A2B7B2E61007FEA65 /* FirebaseAnalyticsWithoutAdIdSupport in Frameworks */ = {isa = PBXBuildFile; productRef = 21099A492B7B2E61007FEA65 /* FirebaseAnalyticsWithoutAdIdSupport */; };
		21099A4C2B7B2E61007FEA65 /* FirebaseAppCheck in Frameworks */ = {isa = PBXBuildFile; productRef = 21099A4B2B7B2E61007FEA65 /* FirebaseAppCheck */; };
		21099A4E2B7B2E61007FEA65 /* FirebaseAppDistribution-Beta in Frameworks */ = {isa = PBXBuildFile; productRef = 21099A4D2B7B2E61007FEA65 /* FirebaseAppDistribution-Beta */; };
		21099A502B7B2E61007FEA65 /* FirebaseAuth in Frameworks */ = {isa = PBXBuildFile; productRef = 21099A4F2B7B2E61007FEA65 /* FirebaseAuth */; };
		21099A522B7B2E61007FEA65 /* FirebaseAuthCombine-Community in Frameworks */ = {isa = PBXBuildFile; productRef = 21099A512B7B2E61007FEA65 /* FirebaseAuthCombine-Community */; };
		21099A542B7B2E61007FEA65 /* FirebaseCrashlytics in Frameworks */ = {isa = PBXBuildFile; productRef = 21099A532B7B2E61007FEA65 /* FirebaseCrashlytics */; };
		21099A562B7B2E61007FEA65 /* FirebaseDatabase in Frameworks */ = {isa = PBXBuildFile; productRef = 21099A552B7B2E61007FEA65 /* FirebaseDatabase */; };
		21099A582B7B2E61007FEA65 /* FirebaseDatabaseSwift in Frameworks */ = {isa = PBXBuildFile; productRef = 21099A572B7B2E61007FEA65 /* FirebaseDatabaseSwift */; };
		21099A5A2B7B2E61007FEA65 /* FirebaseDynamicLinks in Frameworks */ = {isa = PBXBuildFile; productRef = 21099A592B7B2E61007FEA65 /* FirebaseDynamicLinks */; };
		21099A5C2B7B2E61007FEA65 /* FirebaseFirestore in Frameworks */ = {isa = PBXBuildFile; productRef = 21099A5B2B7B2E61007FEA65 /* FirebaseFirestore */; };
		21099A5E2B7B2E61007FEA65 /* FirebaseFirestoreCombine-Community in Frameworks */ = {isa = PBXBuildFile; productRef = 21099A5D2B7B2E61007FEA65 /* FirebaseFirestoreCombine-Community */; };
		21099A602B7B2E61007FEA65 /* FirebaseFirestoreSwift in Frameworks */ = {isa = PBXBuildFile; productRef = 21099A5F2B7B2E61007FEA65 /* FirebaseFirestoreSwift */; };
		21099A622B7B2E61007FEA65 /* FirebaseFunctions in Frameworks */ = {isa = PBXBuildFile; productRef = 21099A612B7B2E61007FEA65 /* FirebaseFunctions */; };
		21099A642B7B2E61007FEA65 /* FirebaseFunctionsCombine-Community in Frameworks */ = {isa = PBXBuildFile; productRef = 21099A632B7B2E61007FEA65 /* FirebaseFunctionsCombine-Community */; };
		21099A662B7B2E61007FEA65 /* FirebaseInAppMessaging-Beta in Frameworks */ = {isa = PBXBuildFile; productRef = 21099A652B7B2E61007FEA65 /* FirebaseInAppMessaging-Beta */; };
		21099A682B7B2E61007FEA65 /* FirebaseInAppMessagingSwift-Beta in Frameworks */ = {isa = PBXBuildFile; productRef = 21099A672B7B2E61007FEA65 /* FirebaseInAppMessagingSwift-Beta */; };
		21099A6A2B7B2E61007FEA65 /* FirebaseInstallations in Frameworks */ = {isa = PBXBuildFile; productRef = 21099A692B7B2E61007FEA65 /* FirebaseInstallations */; };
		21099A6C2B7B2E61007FEA65 /* FirebaseMLModelDownloader in Frameworks */ = {isa = PBXBuildFile; productRef = 21099A6B2B7B2E61007FEA65 /* FirebaseMLModelDownloader */; };
		21099A6E2B7B2E61007FEA65 /* FirebaseMessaging in Frameworks */ = {isa = PBXBuildFile; productRef = 21099A6D2B7B2E61007FEA65 /* FirebaseMessaging */; };
		21099A702B7B2E61007FEA65 /* FirebasePerformance in Frameworks */ = {isa = PBXBuildFile; productRef = 21099A6F2B7B2E61007FEA65 /* FirebasePerformance */; };
		21099A722B7B2E61007FEA65 /* FirebaseRemoteConfig in Frameworks */ = {isa = PBXBuildFile; productRef = 21099A712B7B2E61007FEA65 /* FirebaseRemoteConfig */; };
		21099A742B7B2E61007FEA65 /* FirebaseRemoteConfigSwift in Frameworks */ = {isa = PBXBuildFile; productRef = 21099A732B7B2E61007FEA65 /* FirebaseRemoteConfigSwift */; };
		21099A762B7B2E61007FEA65 /* FirebaseStorage in Frameworks */ = {isa = PBXBuildFile; productRef = 21099A752B7B2E61007FEA65 /* FirebaseStorage */; };
		21099A782B7B2E61007FEA65 /* FirebaseStorageCombine-Community in Frameworks */ = {isa = PBXBuildFile; productRef = 21099A772B7B2E61007FEA65 /* FirebaseStorageCombine-Community */; };
/* End PBXBuildFile section */

/* Begin PBXFileReference section */
		21099A232B79D695007FEA65 /* Chat App.app */ = {isa = PBXFileReference; explicitFileType = wrapper.application; includeInIndex = 0; path = "Chat App.app"; sourceTree = BUILT_PRODUCTS_DIR; };
		21099A262B79D695007FEA65 /* Chat_AppApp.swift */ = {isa = PBXFileReference; lastKnownFileType = sourcecode.swift; path = Chat_AppApp.swift; sourceTree = "<group>"; };
		21099A282B79D695007FEA65 /* ContentView.swift */ = {isa = PBXFileReference; lastKnownFileType = sourcecode.swift; path = ContentView.swift; sourceTree = "<group>"; };
		21099A2A2B79D699007FEA65 /* Assets.xcassets */ = {isa = PBXFileReference; lastKnownFileType = folder.assetcatalog; path = Assets.xcassets; sourceTree = "<group>"; };
		21099A2D2B79D699007FEA65 /* Preview Assets.xcassets */ = {isa = PBXFileReference; lastKnownFileType = folder.assetcatalog; path = "Preview Assets.xcassets"; sourceTree = "<group>"; };
		21099A352B7AFB67007FEA65 /* TitleRow.swift */ = {isa = PBXFileReference; lastKnownFileType = sourcecode.swift; path = TitleRow.swift; sourceTree = "<group>"; };
		21099A382B7B094D007FEA65 /* Message.swift */ = {isa = PBXFileReference; lastKnownFileType = sourcecode.swift; path = Message.swift; sourceTree = "<group>"; };
		21099A3A2B7B09CA007FEA65 /* MessageBubble.swift */ = {isa = PBXFileReference; lastKnownFileType = sourcecode.swift; path = MessageBubble.swift; sourceTree = "<group>"; };
		21099A3C2B7B1AA0007FEA65 /* Extensions.swift */ = {isa = PBXFileReference; lastKnownFileType = sourcecode.swift; path = Extensions.swift; sourceTree = "<group>"; };
		21099A3E2B7B20B9007FEA65 /* MessageField.swift */ = {isa = PBXFileReference; lastKnownFileType = sourcecode.swift; path = MessageField.swift; sourceTree = "<group>"; };
		21099A402B7B2CFB007FEA65 /* GoogleService-Info.plist */ = {isa = PBXFileReference; fileEncoding = 4; lastKnownFileType = text.plist.xml; path = "GoogleService-Info.plist"; sourceTree = "<group>"; };
/* End PBXFileReference section */

/* Begin PBXFrameworksBuildPhase section */
		21099A202B79D695007FEA65 /* Frameworks */ = {
			isa = PBXFrameworksBuildPhase;
			buildActionMask = 2147483647;
			files = (
				21099A562B7B2E61007FEA65 /* FirebaseDatabase in Frameworks */,
				21099A642B7B2E61007FEA65 /* FirebaseFunctionsCombine-Community in Frameworks */,
				21099A5C2B7B2E61007FEA65 /* FirebaseFirestore in Frameworks */,
				21099A482B7B2E61007FEA65 /* FirebaseAnalyticsSwift in Frameworks */,
				21099A442B7B2E61007FEA65 /* FirebaseAnalytics in Frameworks */,
				21099A462B7B2E61007FEA65 /* FirebaseAnalyticsOnDeviceConversion in Frameworks */,
				21099A6C2B7B2E61007FEA65 /* FirebaseMLModelDownloader in Frameworks */,
				21099A602B7B2E61007FEA65 /* FirebaseFirestoreSwift in Frameworks */,
				21099A4C2B7B2E61007FEA65 /* FirebaseAppCheck in Frameworks */,
				21099A4A2B7B2E61007FEA65 /* FirebaseAnalyticsWithoutAdIdSupport in Frameworks */,
				21099A502B7B2E61007FEA65 /* FirebaseAuth in Frameworks */,
				21099A542B7B2E61007FEA65 /* FirebaseCrashlytics in Frameworks */,
				21099A742B7B2E61007FEA65 /* FirebaseRemoteConfigSwift in Frameworks */,
				21099A662B7B2E61007FEA65 /* FirebaseInAppMessaging-Beta in Frameworks */,
				21099A582B7B2E61007FEA65 /* FirebaseDatabaseSwift in Frameworks */,
				21099A622B7B2E61007FEA65 /* FirebaseFunctions in Frameworks */,
				21099A782B7B2E61007FEA65 /* FirebaseStorageCombine-Community in Frameworks */,
				21099A722B7B2E61007FEA65 /* FirebaseRemoteConfig in Frameworks */,
				21099A4E2B7B2E61007FEA65 /* FirebaseAppDistribution-Beta in Frameworks */,
				21099A522B7B2E61007FEA65 /* FirebaseAuthCombine-Community in Frameworks */,
				21099A702B7B2E61007FEA65 /* FirebasePerformance in Frameworks */,
				21099A682B7B2E61007FEA65 /* FirebaseInAppMessagingSwift-Beta in Frameworks */,
				21099A762B7B2E61007FEA65 /* FirebaseStorage in Frameworks */,
				21099A5A2B7B2E61007FEA65 /* FirebaseDynamicLinks in Frameworks */,
				21099A5E2B7B2E61007FEA65 /* FirebaseFirestoreCombine-Community in Frameworks */,
				21099A6E2B7B2E61007FEA65 /* FirebaseMessaging in Frameworks */,
				21099A6A2B7B2E61007FEA65 /* FirebaseInstallations in Frameworks */,
			);
			runOnlyForDeploymentPostprocessing = 0;
		};
/* End PBXFrameworksBuildPhase section */

/* Begin PBXGroup section */
		21099A1A2B79D695007FEA65 = {
			isa = PBXGroup;
			children = (
				21099A402B7B2CFB007FEA65 /* GoogleService-Info.plist */,
				21099A3C2B7B1AA0007FEA65 /* Extensions.swift */,
				21099A252B79D695007FEA65 /* Chat App */,
				21099A242B79D695007FEA65 /* Products */,
			);
			sourceTree = "<group>";
		};
		21099A242B79D695007FEA65 /* Products */ = {
			isa = PBXGroup;
			children = (
				21099A232B79D695007FEA65 /* Chat App.app */,
			);
			name = Products;
			sourceTree = "<group>";
		};
		21099A252B79D695007FEA65 /* Chat App */ = {
			isa = PBXGroup;
			children = (
				21099A372B7B0930007FEA65 /* Models */,
				21099A342B7AFB55007FEA65 /* Components */,
				21099A262B79D695007FEA65 /* Chat_AppApp.swift */,
				21099A282B79D695007FEA65 /* ContentView.swift */,
				21099A2A2B79D699007FEA65 /* Assets.xcassets */,
				21099A2C2B79D699007FEA65 /* Preview Content */,
			);
			path = "Chat App";
			sourceTree = "<group>";
		};
		21099A2C2B79D699007FEA65 /* Preview Content */ = {
			isa = PBXGroup;
			children = (
				21099A2D2B79D699007FEA65 /* Preview Assets.xcassets */,
			);
			path = "Preview Content";
			sourceTree = "<group>";
		};
		21099A342B7AFB55007FEA65 /* Components */ = {
			isa = PBXGroup;
			children = (
				21099A352B7AFB67007FEA65 /* TitleRow.swift */,
				21099A3A2B7B09CA007FEA65 /* MessageBubble.swift */,
				21099A3E2B7B20B9007FEA65 /* MessageField.swift */,
			);
			path = Components;
			sourceTree = "<group>";
		};
		21099A372B7B0930007FEA65 /* Models */ = {
			isa = PBXGroup;
			children = (
				21099A382B7B094D007FEA65 /* Message.swift */,
			);
			path = Models;
			sourceTree = "<group>";
		};
/* End PBXGroup section */

/* Begin PBXNativeTarget section */
		21099A222B79D695007FEA65 /* Chat App */ = {
			isa = PBXNativeTarget;
			buildConfigurationList = 21099A312B79D699007FEA65 /* Build configuration list for PBXNativeTarget "Chat App" */;
			buildPhases = (
				21099A1F2B79D695007FEA65 /* Sources */,
				21099A202B79D695007FEA65 /* Frameworks */,
				21099A212B79D695007FEA65 /* Resources */,
			);
			buildRules = (
			);
			dependencies = (
			);
			name = "Chat App";
			packageProductDependencies = (
				21099A432B7B2E61007FEA65 /* FirebaseAnalytics */,
				21099A452B7B2E61007FEA65 /* FirebaseAnalyticsOnDeviceConversion */,
				21099A472B7B2E61007FEA65 /* FirebaseAnalyticsSwift */,
				21099A492B7B2E61007FEA65 /* FirebaseAnalyticsWithoutAdIdSupport */,
				21099A4B2B7B2E61007FEA65 /* FirebaseAppCheck */,
				21099A4D2B7B2E61007FEA65 /* FirebaseAppDistribution-Beta */,
				21099A4F2B7B2E61007FEA65 /* FirebaseAuth */,
				21099A512B7B2E61007FEA65 /* FirebaseAuthCombine-Community */,
				21099A532B7B2E61007FEA65 /* FirebaseCrashlytics */,
				21099A552B7B2E61007FEA65 /* FirebaseDatabase */,
				21099A572B7B2E61007FEA65 /* FirebaseDatabaseSwift */,
				21099A592B7B2E61007FEA65 /* FirebaseDynamicLinks */,
				21099A5B2B7B2E61007FEA65 /* FirebaseFirestore */,
				21099A5D2B7B2E61007FEA65 /* FirebaseFirestoreCombine-Community */,
				21099A5F2B7B2E61007FEA65 /* FirebaseFirestoreSwift */,
				21099A612B7B2E61007FEA65 /* FirebaseFunctions */,
				21099A632B7B2E61007FEA65 /* FirebaseFunctionsCombine-Community */,
				21099A652B7B2E61007FEA65 /* FirebaseInAppMessaging-Beta */,
				21099A672B7B2E61007FEA65 /* FirebaseInAppMessagingSwift-Beta */,
				21099A692B7B2E61007FEA65 /* FirebaseInstallations */,
				21099A6B2B7B2E61007FEA65 /* FirebaseMLModelDownloader */,
				21099A6D2B7B2E61007FEA65 /* FirebaseMessaging */,
				21099A6F2B7B2E61007FEA65 /* FirebasePerformance */,
				21099A712B7B2E61007FEA65 /* FirebaseRemoteConfig */,
				21099A732B7B2E61007FEA65 /* FirebaseRemoteConfigSwift */,
				21099A752B7B2E61007FEA65 /* FirebaseStorage */,
				21099A772B7B2E61007FEA65 /* FirebaseStorageCombine-Community */,
			);
			productName = "Chat App";
			productReference = 21099A232B79D695007FEA65 /* Chat App.app */;
			productType = "com.apple.product-type.application";
		};
/* End PBXNativeTarget section */

/* Begin PBXProject section */
		21099A1B2B79D695007FEA65 /* Project object */ = {
			isa = PBXProject;
			attributes = {
				BuildIndependentTargetsInParallel = 1;
				LastSwiftUpdateCheck = 1520;
				LastUpgradeCheck = 1520;
				TargetAttributes = {
					21099A222B79D695007FEA65 = {
						CreatedOnToolsVersion = 15.2;
					};
				};
			};
			buildConfigurationList = 21099A1E2B79D695007FEA65 /* Build configuration list for PBXProject "Chat App" */;
			compatibilityVersion = "Xcode 14.0";
			developmentRegion = en;
			hasScannedForEncodings = 0;
			knownRegions = (
				en,
				Base,
			);
			mainGroup = 21099A1A2B79D695007FEA65;
			packageReferences = (
				21099A422B7B2E61007FEA65 /* XCRemoteSwiftPackageReference "firebase-ios-sdk" */,
			);
			productRefGroup = 21099A242B79D695007FEA65 /* Products */;
			projectDirPath = "";
			projectRoot = "";
			targets = (
				21099A222B79D695007FEA65 /* Chat App */,
			);
		};
/* End PBXProject section */

/* Begin PBXResourcesBuildPhase section */
		21099A212B79D695007FEA65 /* Resources */ = {
			isa = PBXResourcesBuildPhase;
			buildActionMask = 2147483647;
			files = (
				21099A2E2B79D699007FEA65 /* Preview Assets.xcassets in Resources */,
				21099A2B2B79D699007FEA65 /* Assets.xcassets in Resources */,
				21099A412B7B2CFB007FEA65 /* GoogleService-Info.plist in Resources */,
			);
			runOnlyForDeploymentPostprocessing = 0;
		};
/* End PBXResourcesBuildPhase section */

/* Begin PBXSourcesBuildPhase section */
		21099A1F2B79D695007FEA65 /* Sources */ = {
			isa = PBXSourcesBuildPhase;
			buildActionMask = 2147483647;
			files = (
				21099A292B79D695007FEA65 /* ContentView.swift in Sources */,
				21099A3D2B7B1AA0007FEA65 /* Extensions.swift in Sources */,
				21099A392B7B094D007FEA65 /* Message.swift in Sources */,
				21099A3F2B7B20B9007FEA65 /* MessageField.swift in Sources */,
				21099A3B2B7B09CA007FEA65 /* MessageBubble.swift in Sources */,
				21099A272B79D695007FEA65 /* Chat_AppApp.swift in Sources */,
				21099A362B7AFB67007FEA65 /* TitleRow.swift in Sources */,
			);
			runOnlyForDeploymentPostprocessing = 0;
		};
/* End PBXSourcesBuildPhase section */

/* Begin XCBuildConfiguration section */
		21099A2F2B79D699007FEA65 /* Debug */ = {
			isa = XCBuildConfiguration;
			buildSettings = {
				ALWAYS_SEARCH_USER_PATHS = NO;
				ASSETCATALOG_COMPILER_GENERATE_SWIFT_ASSET_SYMBOL_EXTENSIONS = YES;
				CLANG_ANALYZER_NONNULL = YES;
				CLANG_ANALYZER_NUMBER_OBJECT_CONVERSION = YES_AGGRESSIVE;
				CLANG_CXX_LANGUAGE_STANDARD = "gnu++20";
				CLANG_ENABLE_MODULES = YES;
				CLANG_ENABLE_OBJC_ARC = YES;
				CLANG_ENABLE_OBJC_WEAK = YES;
				CLANG_WARN_BLOCK_CAPTURE_AUTORELEASING = YES;
				CLANG_WARN_BOOL_CONVERSION = YES;
				CLANG_WARN_COMMA = YES;
				CLANG_WARN_CONSTANT_CONVERSION = YES;
				CLANG_WARN_DEPRECATED_OBJC_IMPLEMENTATIONS = YES;
				CLANG_WARN_DIRECT_OBJC_ISA_USAGE = YES_ERROR;
				CLANG_WARN_DOCUMENTATION_COMMENTS = YES;
				CLANG_WARN_EMPTY_BODY = YES;
				CLANG_WARN_ENUM_CONVERSION = YES;
				CLANG_WARN_INFINITE_RECURSION = YES;
				CLANG_WARN_INT_CONVERSION = YES;
				CLANG_WARN_NON_LITERAL_NULL_CONVERSION = YES;
				CLANG_WARN_OBJC_IMPLICIT_RETAIN_SELF = YES;
				CLANG_WARN_OBJC_LITERAL_CONVERSION = YES;
				CLANG_WARN_OBJC_ROOT_CLASS = YES_ERROR;
				CLANG_WARN_QUOTED_INCLUDE_IN_FRAMEWORK_HEADER = YES;
				CLANG_WARN_RANGE_LOOP_ANALYSIS = YES;
				CLANG_WARN_STRICT_PROTOTYPES = YES;
				CLANG_WARN_SUSPICIOUS_MOVE = YES;
				CLANG_WARN_UNGUARDED_AVAILABILITY = YES_AGGRESSIVE;
				CLANG_WARN_UNREACHABLE_CODE = YES;
				CLANG_WARN__DUPLICATE_METHOD_MATCH = YES;
				COPY_PHASE_STRIP = NO;
				DEBUG_INFORMATION_FORMAT = dwarf;
				ENABLE_STRICT_OBJC_MSGSEND = YES;
				ENABLE_TESTABILITY = YES;
				ENABLE_USER_SCRIPT_SANDBOXING = YES;
				GCC_C_LANGUAGE_STANDARD = gnu17;
				GCC_DYNAMIC_NO_PIC = NO;
				GCC_NO_COMMON_BLOCKS = YES;
				GCC_OPTIMIZATION_LEVEL = 0;
				GCC_PREPROCESSOR_DEFINITIONS = (
					"DEBUG=1",
					"$(inherited)",
				);
				GCC_WARN_64_TO_32_BIT_CONVERSION = YES;
				GCC_WARN_ABOUT_RETURN_TYPE = YES_ERROR;
				GCC_WARN_UNDECLARED_SELECTOR = YES;
				GCC_WARN_UNINITIALIZED_AUTOS = YES_AGGRESSIVE;
				GCC_WARN_UNUSED_FUNCTION = YES;
				GCC_WARN_UNUSED_VARIABLE = YES;
				IPHONEOS_DEPLOYMENT_TARGET = 17.2;
				LOCALIZATION_PREFERS_STRING_CATALOGS = YES;
				MTL_ENABLE_DEBUG_INFO = INCLUDE_SOURCE;
				MTL_FAST_MATH = YES;
				ONLY_ACTIVE_ARCH = YES;
				SDKROOT = iphoneos;
				SWIFT_ACTIVE_COMPILATION_CONDITIONS = "DEBUG $(inherited)";
				SWIFT_OPTIMIZATION_LEVEL = "-Onone";
			};
			name = Debug;
		};
		21099A302B79D699007FEA65 /* Release */ = {
			isa = XCBuildConfiguration;
			buildSettings = {
				ALWAYS_SEARCH_USER_PATHS = NO;
				ASSETCATALOG_COMPILER_GENERATE_SWIFT_ASSET_SYMBOL_EXTENSIONS = YES;
				CLANG_ANALYZER_NONNULL = YES;
				CLANG_ANALYZER_NUMBER_OBJECT_CONVERSION = YES_AGGRESSIVE;
				CLANG_CXX_LANGUAGE_STANDARD = "gnu++20";
				CLANG_ENABLE_MODULES = YES;
				CLANG_ENABLE_OBJC_ARC = YES;
				CLANG_ENABLE_OBJC_WEAK = YES;
				CLANG_WARN_BLOCK_CAPTURE_AUTORELEASING = YES;
				CLANG_WARN_BOOL_CONVERSION = YES;
				CLANG_WARN_COMMA = YES;
				CLANG_WARN_CONSTANT_CONVERSION = YES;
				CLANG_WARN_DEPRECATED_OBJC_IMPLEMENTATIONS = YES;
				CLANG_WARN_DIRECT_OBJC_ISA_USAGE = YES_ERROR;
				CLANG_WARN_DOCUMENTATION_COMMENTS = YES;
				CLANG_WARN_EMPTY_BODY = YES;
				CLANG_WARN_ENUM_CONVERSION = YES;
				CLANG_WARN_INFINITE_RECURSION = YES;
				CLANG_WARN_INT_CONVERSION = YES;
				CLANG_WARN_NON_LITERAL_NULL_CONVERSION = YES;
				CLANG_WARN_OBJC_IMPLICIT_RETAIN_SELF = YES;
				CLANG_WARN_OBJC_LITERAL_CONVERSION = YES;
				CLANG_WARN_OBJC_ROOT_CLASS = YES_ERROR;
				CLANG_WARN_QUOTED_INCLUDE_IN_FRAMEWORK_HEADER = YES;
				CLANG_WARN_RANGE_LOOP_ANALYSIS = YES;
				CLANG_WARN_STRICT_PROTOTYPES = YES;
				CLANG_WARN_SUSPICIOUS_MOVE = YES;
				CLANG_WARN_UNGUARDED_AVAILABILITY = YES_AGGRESSIVE;
				CLANG_WARN_UNREACHABLE_CODE = YES;
				CLANG_WARN__DUPLICATE_METHOD_MATCH = YES;
				COPY_PHASE_STRIP = NO;
				DEBUG_INFORMATION_FORMAT = "dwarf-with-dsym";
				ENABLE_NS_ASSERTIONS = NO;
				ENABLE_STRICT_OBJC_MSGSEND = YES;
				ENABLE_USER_SCRIPT_SANDBOXING = YES;
				GCC_C_LANGUAGE_STANDARD = gnu17;
				GCC_NO_COMMON_BLOCKS = YES;
				GCC_WARN_64_TO_32_BIT_CONVERSION = YES;
				GCC_WARN_ABOUT_RETURN_TYPE = YES_ERROR;
				GCC_WARN_UNDECLARED_SELECTOR = YES;
				GCC_WARN_UNINITIALIZED_AUTOS = YES_AGGRESSIVE;
				GCC_WARN_UNUSED_FUNCTION = YES;
				GCC_WARN_UNUSED_VARIABLE = YES;
				IPHONEOS_DEPLOYMENT_TARGET = 17.2;
				LOCALIZATION_PREFERS_STRING_CATALOGS = YES;
				MTL_ENABLE_DEBUG_INFO = NO;
				MTL_FAST_MATH = YES;
				SDKROOT = iphoneos;
				SWIFT_COMPILATION_MODE = wholemodule;
				VALIDATE_PRODUCT = YES;
			};
			name = Release;
		};
		21099A322B79D699007FEA65 /* Debug */ = {
			isa = XCBuildConfiguration;
			buildSettings = {
				ASSETCATALOG_COMPILER_APPICON_NAME = AppIcon;
				ASSETCATALOG_COMPILER_GLOBAL_ACCENT_COLOR_NAME = AccentColor;
				CODE_SIGN_STYLE = Automatic;
				CURRENT_PROJECT_VERSION = 1;
				DEVELOPMENT_ASSET_PATHS = "\"Chat App/Preview Content\"";
				DEVELOPMENT_TEAM = DHULNHKLMB;
				ENABLE_PREVIEWS = YES;
				GENERATE_INFOPLIST_FILE = YES;
				INFOPLIST_KEY_UIApplicationSceneManifest_Generation = YES;
				INFOPLIST_KEY_UIApplicationSupportsIndirectInputEvents = YES;
				INFOPLIST_KEY_UILaunchScreen_Generation = YES;
				INFOPLIST_KEY_UISupportedInterfaceOrientations_iPad = "UIInterfaceOrientationPortrait UIInterfaceOrientationPortraitUpsideDown UIInterfaceOrientationLandscapeLeft UIInterfaceOrientationLandscapeRight";
				INFOPLIST_KEY_UISupportedInterfaceOrientations_iPhone = "UIInterfaceOrientationPortrait UIInterfaceOrientationLandscapeLeft UIInterfaceOrientationLandscapeRight";
				LD_RUNPATH_SEARCH_PATHS = (
					"$(inherited)",
					"@executable_path/Frameworks",
				);
				MARKETING_VERSION = 1.0;
				PRODUCT_BUNDLE_IDENTIFIER = "com.adhikariM.Chat-App";
				PRODUCT_NAME = "$(TARGET_NAME)";
				SWIFT_EMIT_LOC_STRINGS = YES;
				SWIFT_VERSION = 5.0;
				TARGETED_DEVICE_FAMILY = "1,2";
			};
			name = Debug;
		};
		21099A332B79D699007FEA65 /* Release */ = {
			isa = XCBuildConfiguration;
			buildSettings = {
				ASSETCATALOG_COMPILER_APPICON_NAME = AppIcon;
				ASSETCATALOG_COMPILER_GLOBAL_ACCENT_COLOR_NAME = AccentColor;
				CODE_SIGN_STYLE = Automatic;
				CURRENT_PROJECT_VERSION = 1;
				DEVELOPMENT_ASSET_PATHS = "\"Chat App/Preview Content\"";
				DEVELOPMENT_TEAM = DHULNHKLMB;
				ENABLE_PREVIEWS = YES;
				GENERATE_INFOPLIST_FILE = YES;
				INFOPLIST_KEY_UIApplicationSceneManifest_Generation = YES;
				INFOPLIST_KEY_UIApplicationSupportsIndirectInputEvents = YES;
				INFOPLIST_KEY_UILaunchScreen_Generation = YES;
				INFOPLIST_KEY_UISupportedInterfaceOrientations_iPad = "UIInterfaceOrientationPortrait UIInterfaceOrientationPortraitUpsideDown UIInterfaceOrientationLandscapeLeft UIInterfaceOrientationLandscapeRight";
				INFOPLIST_KEY_UISupportedInterfaceOrientations_iPhone = "UIInterfaceOrientationPortrait UIInterfaceOrientationLandscapeLeft UIInterfaceOrientationLandscapeRight";
				LD_RUNPATH_SEARCH_PATHS = (
					"$(inherited)",
					"@executable_path/Frameworks",
				);
				MARKETING_VERSION = 1.0;
				PRODUCT_BUNDLE_IDENTIFIER = "com.adhikariM.Chat-App";
				PRODUCT_NAME = "$(TARGET_NAME)";
				SWIFT_EMIT_LOC_STRINGS = YES;
				SWIFT_VERSION = 5.0;
				TARGETED_DEVICE_FAMILY = "1,2";
			};
			name = Release;
		};
/* End XCBuildConfiguration section */

/* Begin XCConfigurationList section */
		21099A1E2B79D695007FEA65 /* Build configuration list for PBXProject "Chat App" */ = {
			isa = XCConfigurationList;
			buildConfigurations = (
				21099A2F2B79D699007FEA65 /* Debug */,
				21099A302B79D699007FEA65 /* Release */,
			);
			defaultConfigurationIsVisible = 0;
			defaultConfigurationName = Release;
		};
		21099A312B79D699007FEA65 /* Build configuration list for PBXNativeTarget "Chat App" */ = {
			isa = XCConfigurationList;
			buildConfigurations = (
				21099A322B79D699007FEA65 /* Debug */,
				21099A332B79D699007FEA65 /* Release */,
			);
			defaultConfigurationIsVisible = 0;
			defaultConfigurationName = Release;
		};
/* End XCConfigurationList section */

/* Begin XCRemoteSwiftPackageReference section */
		21099A422B7B2E61007FEA65 /* XCRemoteSwiftPackageReference "firebase-ios-sdk" */ = {
			isa = XCRemoteSwiftPackageReference;
			repositoryURL = "https://github.com/firebase/firebase-ios-sdk";
			requirement = {
				kind = upToNextMajorVersion;
				minimumVersion = 10.21.0;
			};
		};
/* End XCRemoteSwiftPackageReference section */

/* Begin XCSwiftPackageProductDependency section */
		21099A432B7B2E61007FEA65 /* FirebaseAnalytics */ = {
			isa = XCSwiftPackageProductDependency;
			package = 21099A422B7B2E61007FEA65 /* XCRemoteSwiftPackageReference "firebase-ios-sdk" */;
			productName = FirebaseAnalytics;
		};
		21099A452B7B2E61007FEA65 /* FirebaseAnalyticsOnDeviceConversion */ = {
			isa = XCSwiftPackageProductDependency;
			package = 21099A422B7B2E61007FEA65 /* XCRemoteSwiftPackageReference "firebase-ios-sdk" */;
			productName = FirebaseAnalyticsOnDeviceConversion;
		};
		21099A472B7B2E61007FEA65 /* FirebaseAnalyticsSwift */ = {
			isa = XCSwiftPackageProductDependency;
			package = 21099A422B7B2E61007FEA65 /* XCRemoteSwiftPackageReference "firebase-ios-sdk" */;
			productName = FirebaseAnalyticsSwift;
		};
		21099A492B7B2E61007FEA65 /* FirebaseAnalyticsWithoutAdIdSupport */ = {
			isa = XCSwiftPackageProductDependency;
			package = 21099A422B7B2E61007FEA65 /* XCRemoteSwiftPackageReference "firebase-ios-sdk" */;
			productName = FirebaseAnalyticsWithoutAdIdSupport;
		};
		21099A4B2B7B2E61007FEA65 /* FirebaseAppCheck */ = {
			isa = XCSwiftPackageProductDependency;
			package = 21099A422B7B2E61007FEA65 /* XCRemoteSwiftPackageReference "firebase-ios-sdk" */;
			productName = FirebaseAppCheck;
		};
		21099A4D2B7B2E61007FEA65 /* FirebaseAppDistribution-Beta */ = {
			isa = XCSwiftPackageProductDependency;
			package = 21099A422B7B2E61007FEA65 /* XCRemoteSwiftPackageReference "firebase-ios-sdk" */;
			productName = "FirebaseAppDistribution-Beta";
		};
		21099A4F2B7B2E61007FEA65 /* FirebaseAuth */ = {
			isa = XCSwiftPackageProductDependency;
			package = 21099A422B7B2E61007FEA65 /* XCRemoteSwiftPackageReference "firebase-ios-sdk" */;
			productName = FirebaseAuth;
		};
		21099A512B7B2E61007FEA65 /* FirebaseAuthCombine-Community */ = {
			isa = XCSwiftPackageProductDependency;
			package = 21099A422B7B2E61007FEA65 /* XCRemoteSwiftPackageReference "firebase-ios-sdk" */;
			productName = "FirebaseAuthCombine-Community";
		};
		21099A532B7B2E61007FEA65 /* FirebaseCrashlytics */ = {
			isa = XCSwiftPackageProductDependency;
			package = 21099A422B7B2E61007FEA65 /* XCRemoteSwiftPackageReference "firebase-ios-sdk" */;
			productName = FirebaseCrashlytics;
		};
		21099A552B7B2E61007FEA65 /* FirebaseDatabase */ = {
			isa = XCSwiftPackageProductDependency;
			package = 21099A422B7B2E61007FEA65 /* XCRemoteSwiftPackageReference "firebase-ios-sdk" */;
			productName = FirebaseDatabase;
		};
		21099A572B7B2E61007FEA65 /* FirebaseDatabaseSwift */ = {
			isa = XCSwiftPackageProductDependency;
			package = 21099A422B7B2E61007FEA65 /* XCRemoteSwiftPackageReference "firebase-ios-sdk" */;
			productName = FirebaseDatabaseSwift;
		};
		21099A592B7B2E61007FEA65 /* FirebaseDynamicLinks */ = {
			isa = XCSwiftPackageProductDependency;
			package = 21099A422B7B2E61007FEA65 /* XCRemoteSwiftPackageReference "firebase-ios-sdk" */;
			productName = FirebaseDynamicLinks;
		};
		21099A5B2B7B2E61007FEA65 /* FirebaseFirestore */ = {
			isa = XCSwiftPackageProductDependency;
			package = 21099A422B7B2E61007FEA65 /* XCRemoteSwiftPackageReference "firebase-ios-sdk" */;
			productName = FirebaseFirestore;
		};
		21099A5D2B7B2E61007FEA65 /* FirebaseFirestoreCombine-Community */ = {
			isa = XCSwiftPackageProductDependency;
			package = 21099A422B7B2E61007FEA65 /* XCRemoteSwiftPackageReference "firebase-ios-sdk" */;
			productName = "FirebaseFirestoreCombine-Community";
		};
		21099A5F2B7B2E61007FEA65 /* FirebaseFirestoreSwift */ = {
			isa = XCSwiftPackageProductDependency;
			package = 21099A422B7B2E61007FEA65 /* XCRemoteSwiftPackageReference "firebase-ios-sdk" */;
			productName = FirebaseFirestoreSwift;
		};
		21099A612B7B2E61007FEA65 /* FirebaseFunctions */ = {
			isa = XCSwiftPackageProductDependency;
			package = 21099A422B7B2E61007FEA65 /* XCRemoteSwiftPackageReference "firebase-ios-sdk" */;
			productName = FirebaseFunctions;
		};
		21099A632B7B2E61007FEA65 /* FirebaseFunctionsCombine-Community */ = {
			isa = XCSwiftPackageProductDependency;
			package = 21099A422B7B2E61007FEA65 /* XCRemoteSwiftPackageReference "firebase-ios-sdk" */;
			productName = "FirebaseFunctionsCombine-Community";
		};
		21099A652B7B2E61007FEA65 /* FirebaseInAppMessaging-Beta */ = {
			isa = XCSwiftPackageProductDependency;
			package = 21099A422B7B2E61007FEA65 /* XCRemoteSwiftPackageReference "firebase-ios-sdk" */;
			productName = "FirebaseInAppMessaging-Beta";
		};
		21099A672B7B2E61007FEA65 /* FirebaseInAppMessagingSwift-Beta */ = {
			isa = XCSwiftPackageProductDependency;
			package = 21099A422B7B2E61007FEA65 /* XCRemoteSwiftPackageReference "firebase-ios-sdk" */;
			productName = "FirebaseInAppMessagingSwift-Beta";
		};
		21099A692B7B2E61007FEA65 /* FirebaseInstallations */ = {
			isa = XCSwiftPackageProductDependency;
			package = 21099A422B7B2E61007FEA65 /* XCRemoteSwiftPackageReference "firebase-ios-sdk" */;
			productName = FirebaseInstallations;
		};
		21099A6B2B7B2E61007FEA65 /* FirebaseMLModelDownloader */ = {
			isa = XCSwiftPackageProductDependency;
			package = 21099A422B7B2E61007FEA65 /* XCRemoteSwiftPackageReference "firebase-ios-sdk" */;
			productName = FirebaseMLModelDownloader;
		};
		21099A6D2B7B2E61007FEA65 /* FirebaseMessaging */ = {
			isa = XCSwiftPackageProductDependency;
			package = 21099A422B7B2E61007FEA65 /* XCRemoteSwiftPackageReference "firebase-ios-sdk" */;
			productName = FirebaseMessaging;
		};
		21099A6F2B7B2E61007FEA65 /* FirebasePerformance */ = {
			isa = XCSwiftPackageProductDependency;
			package = 21099A422B7B2E61007FEA65 /* XCRemoteSwiftPackageReference "firebase-ios-sdk" */;
			productName = FirebasePerformance;
		};
		21099A712B7B2E61007FEA65 /* FirebaseRemoteConfig */ = {
			isa = XCSwiftPackageProductDependency;
			package = 21099A422B7B2E61007FEA65 /* XCRemoteSwiftPackageReference "firebase-ios-sdk" */;
			productName = FirebaseRemoteConfig;
		};
		21099A732B7B2E61007FEA65 /* FirebaseRemoteConfigSwift */ = {
			isa = XCSwiftPackageProductDependency;
			package = 21099A422B7B2E61007FEA65 /* XCRemoteSwiftPackageReference "firebase-ios-sdk" */;
			productName = FirebaseRemoteConfigSwift;
		};
		21099A752B7B2E61007FEA65 /* FirebaseStorage */ = {
			isa = XCSwiftPackageProductDependency;
			package = 21099A422B7B2E61007FEA65 /* XCRemoteSwiftPackageReference "firebase-ios-sdk" */;
			productName = FirebaseStorage;
		};
		21099A772B7B2E61007FEA65 /* FirebaseStorageCombine-Community */ = {
			isa = XCSwiftPackageProductDependency;
			package = 21099A422B7B2E61007FEA65 /* XCRemoteSwiftPackageReference "firebase-ios-sdk" */;
			productName = "FirebaseStorageCombine-Community";
		};
/* End XCSwiftPackageProductDependency section */
	};
	rootObject = 21099A1B2B79D695007FEA65 /* Project object */;
}
